
Microsoft Visual Studio Solution File, Format Version 12.00
# Visual Studio Version 16
VisualStudioVersion = 16.0.30011.22
MinimumVisualStudioVersion = 10.0.40219.1
Project("{FAE04EC0-301F-11D3-BF4B-00C04F79EFBC}") = "Finanse", "Finanse\Finanse.csproj", "{6428632B-4C7C-4C67-9F1D-2F47B0929E4E}"
EndProject
Global
	GlobalSection(SolutionConfigurationPlatforms) = preSolution
		Debug|Any CPU = Debug|Any CPU
		Release|Any CPU = Release|Any CPU
	EndGlobalSection
	GlobalSection(ProjectConfigurationPlatforms) = postSolution
		{6428632B-4C7C-4C67-9F1D-2F47B0929E4E}.Debug|Any CPU.ActiveCfg = Debug|Any CPU
		{6428632B-4C7C-4C67-9F1D-2F47B0929E4E}.Debug|Any CPU.Build.0 = Debug|Any CPU
		{6428632B-4C7C-4C67-9F1D-2F47B0929E4E}.Release|Any CPU.ActiveCfg = Release|Any CPU
		{6428632B-4C7C-4C67-9F1D-2F47B0929E4E}.Release|Any CPU.Build.0 = Release|Any CPU
	EndGlobalSection
	GlobalSection(SolutionProperties) = preSolution
		HideSolutionNode = FALSE
	EndGlobalSection
	GlobalSection(ExtensibilityGlobals) = postSolution
		SolutionGuid = {ACAF8F3D-7C4E-428B-88FC-847847BCE856}
	EndGlobalSection
EndGlobal
